// !$*UTF8*$!
{
	archiveVersion = 1;
	classes = {
	};
	objectVersion = 56;
	objects = {

/* Begin PBXBuildFile section */
		6D11D3CF29544B2800DEDBDC /* CellList.xib in Resources */ = {isa = PBXBuildFile; fileRef = 6D11D3CE29544B2800DEDBDC /* CellList.xib */; };
		6D1A7CE82950668500964923 /* CellList.swift in Sources */ = {isa = PBXBuildFile; fileRef = 6D1A7CE72950668500964923 /* CellList.swift */; };
		6D33347329398FBB003029BA /* PopupBerhasilVC.swift in Sources */ = {isa = PBXBuildFile; fileRef = 6D33347229398FBB003029BA /* PopupBerhasilVC.swift */; };
		6D3334772939A64F003029BA /* PopupGagalVC.swift in Sources */ = {isa = PBXBuildFile; fileRef = 6D3334762939A64F003029BA /* PopupGagalVC.swift */; };
		6D54C88A294093B400C6D6AD /* HomepageVC.swift in Sources */ = {isa = PBXBuildFile; fileRef = 6D54C889294093B400C6D6AD /* HomepageVC.swift */; };
		6D76052E2935C0060060A6D3 /* RegisterVC.swift in Sources */ = {isa = PBXBuildFile; fileRef = 6D76052D2935C0060060A6D3 /* RegisterVC.swift */; };
		6DB45B7B29500C750070D6ED /* ProfileVC.swift in Sources */ = {isa = PBXBuildFile; fileRef = 6DB45B7A29500C750070D6ED /* ProfileVC.swift */; };
		6DB45B7D29500C800070D6ED /* ProfileVC.xib in Resources */ = {isa = PBXBuildFile; fileRef = 6DB45B7C29500C800070D6ED /* ProfileVC.xib */; };
		6DB45B80295017C00070D6ED /* FavoritVC.swift in Sources */ = {isa = PBXBuildFile; fileRef = 6DB45B7F295017C00070D6ED /* FavoritVC.swift */; };
		6DB45B83295018900070D6ED /* TabBarController.swift in Sources */ = {isa = PBXBuildFile; fileRef = 6DB45B822950188F0070D6ED /* TabBarController.swift */; };
		6DB45B88295019330070D6ED /* MutasiVC.swift in Sources */ = {isa = PBXBuildFile; fileRef = 6DB45B87295019330070D6ED /* MutasiVC.swift */; };
		6DB45B8B2950194C0070D6ED /* TransaksiVC.swift in Sources */ = {isa = PBXBuildFile; fileRef = 6DB45B8A2950194C0070D6ED /* TransaksiVC.swift */; };
		6DB45B8D295022640070D6ED /* NotificationVC.swift in Sources */ = {isa = PBXBuildFile; fileRef = 6DB45B8C295022640070D6ED /* NotificationVC.swift */; };
		6DB45B90295036770070D6ED /* NotificationVC.xib in Resources */ = {isa = PBXBuildFile; fileRef = 6DB45B8F295036770070D6ED /* NotificationVC.xib */; };
		6DB45B9229504B8C0070D6ED /* FavoritVC.xib in Resources */ = {isa = PBXBuildFile; fileRef = 6DB45B9129504B8C0070D6ED /* FavoritVC.xib */; };
		6DC149B52937546800108FAD /* UIView+Extension.swift in Sources */ = {isa = PBXBuildFile; fileRef = 6DC149B42937546800108FAD /* UIView+Extension.swift */; };
		6DC42E842934AFF100A50BA2 /* AppDelegate.swift in Sources */ = {isa = PBXBuildFile; fileRef = 6DC42E832934AFF100A50BA2 /* AppDelegate.swift */; };
		6DC42E862934AFF100A50BA2 /* SceneDelegate.swift in Sources */ = {isa = PBXBuildFile; fileRef = 6DC42E852934AFF100A50BA2 /* SceneDelegate.swift */; };
		6DC42E882934AFF100A50BA2 /* ViewController.swift in Sources */ = {isa = PBXBuildFile; fileRef = 6DC42E872934AFF100A50BA2 /* ViewController.swift */; };
		6DC42E9D2934B37600A50BA2 /* OnBoardingViewController.swift in Sources */ = {isa = PBXBuildFile; fileRef = 6DC42E9C2934B37600A50BA2 /* OnBoardingViewController.swift */; };
		6DC42EA12934B85600A50BA2 /* LoginViewController.swift in Sources */ = {isa = PBXBuildFile; fileRef = 6DC42EA02934B85600A50BA2 /* LoginViewController.swift */; };
		6DD8A85C2947013400A574DA /* UIView+Extension.swift in Resources */ = {isa = PBXBuildFile; fileRef = 6DC149B42937546800108FAD /* UIView+Extension.swift */; };
		6DD8A85D2947013400A574DA /* Roboto-Bold.ttf in Resources */ = {isa = PBXBuildFile; fileRef = 6D76050E2934F2450060A6D3 /* Roboto-Bold.ttf */; };
		6DD8A85E2947013400A574DA /* Roboto-Medium.ttf in Resources */ = {isa = PBXBuildFile; fileRef = 6D7605102934F2450060A6D3 /* Roboto-Medium.ttf */; };
		6DD8A85F2947013400A574DA /* Roboto-Regular.ttf in Resources */ = {isa = PBXBuildFile; fileRef = 6D76050F2934F2450060A6D3 /* Roboto-Regular.ttf */; };
		6DD8A8602947013400A574DA /* RegisterVC.swift in Resources */ = {isa = PBXBuildFile; fileRef = 6D76052D2935C0060060A6D3 /* RegisterVC.swift */; };
		6DD8A8612947013400A574DA /* RegisterVC.xib in Resources */ = {isa = PBXBuildFile; fileRef = 6D76052F2935C04C0060A6D3 /* RegisterVC.xib */; };
		6DD8A8622947013400A574DA /* LoginViewController.swift in Resources */ = {isa = PBXBuildFile; fileRef = 6DC42EA02934B85600A50BA2 /* LoginViewController.swift */; };
		6DD8A8632947013400A574DA /* LoginViewController.xib in Resources */ = {isa = PBXBuildFile; fileRef = 6DC42EA32934B89C00A50BA2 /* LoginViewController.xib */; };
		6DD8A8642947013400A574DA /* HomepageVC.swift in Resources */ = {isa = PBXBuildFile; fileRef = 6D54C889294093B400C6D6AD /* HomepageVC.swift */; };
		6DD8A8652947013400A574DA /* HomepageVC.xib in Resources */ = {isa = PBXBuildFile; fileRef = 6D54C88D2940947800C6D6AD /* HomepageVC.xib */; };
		6DD8A8662947013400A574DA /* OnBoardingViewController.swift in Resources */ = {isa = PBXBuildFile; fileRef = 6DC42E9C2934B37600A50BA2 /* OnBoardingViewController.swift */; };
		6DD8A8672947013400A574DA /* OnBoardingViewController.xib in Resources */ = {isa = PBXBuildFile; fileRef = 6D76050C2934E9C70060A6D3 /* OnBoardingViewController.xib */; };
		6DD8A8682947013400A574DA /* PopupBerhasilVC.swift in Resources */ = {isa = PBXBuildFile; fileRef = 6D33347229398FBB003029BA /* PopupBerhasilVC.swift */; };
		6DD8A8692947013400A574DA /* PopupBerhasilVC.xib in Resources */ = {isa = PBXBuildFile; fileRef = 6D33347429398FC9003029BA /* PopupBerhasilVC.xib */; };
		6DD8A86A2947013400A574DA /* PopupGagalVC.swift in Resources */ = {isa = PBXBuildFile; fileRef = 6D3334762939A64F003029BA /* PopupGagalVC.swift */; };
		6DD8A86B2947013400A574DA /* PopupGagalVC.xib in Resources */ = {isa = PBXBuildFile; fileRef = 6D3334782939A65D003029BA /* PopupGagalVC.xib */; };
		6DD8A86C2947013400A574DA /* AppDelegate.swift in Resources */ = {isa = PBXBuildFile; fileRef = 6DC42E832934AFF100A50BA2 /* AppDelegate.swift */; };
		6DD8A86D2947013400A574DA /* SceneDelegate.swift in Resources */ = {isa = PBXBuildFile; fileRef = 6DC42E852934AFF100A50BA2 /* SceneDelegate.swift */; };
		6DD8A86E2947013400A574DA /* ViewController.swift in Resources */ = {isa = PBXBuildFile; fileRef = 6DC42E872934AFF100A50BA2 /* ViewController.swift */; };
		6DD8A86F2947013400A574DA /* LaunchScreen.storyboard in Resources */ = {isa = PBXBuildFile; fileRef = 6DC42E8E2934AFF300A50BA2 /* LaunchScreen.storyboard */; };
		6DD8A8702947013400A574DA /* Main.storyboard in Resources */ = {isa = PBXBuildFile; fileRef = 6DC42E892934AFF100A50BA2 /* Main.storyboard */; };
		6DD8A8712947013400A574DA /* Assets.xcassets in Resources */ = {isa = PBXBuildFile; fileRef = 6DC42E8C2934AFF300A50BA2 /* Assets.xcassets */; };
		6DD8A8A829471F3900A574DA /* Alamofire.xcframework in Frameworks */ = {isa = PBXBuildFile; fileRef = 6D7DBAC4293DEE6E00FF243D /* Alamofire.xcframework */; };
		6DD8A8A929471F3900A574DA /* Alamofire.xcframework in Embed Frameworks */ = {isa = PBXBuildFile; fileRef = 6D7DBAC4293DEE6E00FF243D /* Alamofire.xcframework */; settings = {ATTRIBUTES = (CodeSignOnCopy, RemoveHeadersOnCopy, ); }; };
		6DF3B9BF294C45C700054526 /* Almofire.swift in Sources */ = {isa = PBXBuildFile; fileRef = 6DF3B9BE294C45C700054526 /* Almofire.swift */; };
/* End PBXBuildFile section */

/* Begin PBXCopyFilesBuildPhase section */
		6DD8A8AA29471F3900A574DA /* Embed Frameworks */ = {
			isa = PBXCopyFilesBuildPhase;
			buildActionMask = 2147483647;
			dstPath = "";
			dstSubfolderSpec = 10;
			files = (
				6DD8A8A929471F3900A574DA /* Alamofire.xcframework in Embed Frameworks */,
			);
			name = "Embed Frameworks";
			runOnlyForDeploymentPostprocessing = 0;
		};
/* End PBXCopyFilesBuildPhase section */

/* Begin PBXFileReference section */
		6D11D3CE29544B2800DEDBDC /* CellList.xib */ = {isa = PBXFileReference; fileEncoding = 4; lastKnownFileType = file.xib; path = CellList.xib; sourceTree = "<group>"; };
		6D1A7CE72950668500964923 /* CellList.swift */ = {isa = PBXFileReference; lastKnownFileType = sourcecode.swift; path = CellList.swift; sourceTree = "<group>"; };
		6D33347229398FBB003029BA /* PopupBerhasilVC.swift */ = {isa = PBXFileReference; lastKnownFileType = sourcecode.swift; path = PopupBerhasilVC.swift; sourceTree = "<group>"; };
		6D33347429398FC9003029BA /* PopupBerhasilVC.xib */ = {isa = PBXFileReference; lastKnownFileType = file.xib; path = PopupBerhasilVC.xib; sourceTree = "<group>"; };
		6D3334762939A64F003029BA /* PopupGagalVC.swift */ = {isa = PBXFileReference; lastKnownFileType = sourcecode.swift; path = PopupGagalVC.swift; sourceTree = "<group>"; };
		6D3334782939A65D003029BA /* PopupGagalVC.xib */ = {isa = PBXFileReference; lastKnownFileType = file.xib; path = PopupGagalVC.xib; sourceTree = "<group>"; };
		6D54C889294093B400C6D6AD /* HomepageVC.swift */ = {isa = PBXFileReference; lastKnownFileType = sourcecode.swift; path = HomepageVC.swift; sourceTree = "<group>"; };
		6D54C88D2940947800C6D6AD /* HomepageVC.xib */ = {isa = PBXFileReference; lastKnownFileType = file.xib; path = HomepageVC.xib; sourceTree = "<group>"; };
		6D76050C2934E9C70060A6D3 /* OnBoardingViewController.xib */ = {isa = PBXFileReference; lastKnownFileType = file.xib; path = OnBoardingViewController.xib; sourceTree = "<group>"; };
		6D76050E2934F2450060A6D3 /* Roboto-Bold.ttf */ = {isa = PBXFileReference; lastKnownFileType = file; path = "Roboto-Bold.ttf"; sourceTree = "<group>"; };
		6D76050F2934F2450060A6D3 /* Roboto-Regular.ttf */ = {isa = PBXFileReference; lastKnownFileType = file; path = "Roboto-Regular.ttf"; sourceTree = "<group>"; };
		6D7605102934F2450060A6D3 /* Roboto-Medium.ttf */ = {isa = PBXFileReference; lastKnownFileType = file; path = "Roboto-Medium.ttf"; sourceTree = "<group>"; };
		6D76052D2935C0060060A6D3 /* RegisterVC.swift */ = {isa = PBXFileReference; lastKnownFileType = sourcecode.swift; path = RegisterVC.swift; sourceTree = "<group>"; };
		6D76052F2935C04C0060A6D3 /* RegisterVC.xib */ = {isa = PBXFileReference; lastKnownFileType = file.xib; path = RegisterVC.xib; sourceTree = "<group>"; };
		6D7DBAC4293DEE6E00FF243D /* Alamofire.xcframework */ = {isa = PBXFileReference; lastKnownFileType = wrapper.xcframework; name = Alamofire.xcframework; path = Carthage/Build/Alamofire.xcframework; sourceTree = "<group>"; };
		6DB45B7A29500C750070D6ED /* ProfileVC.swift */ = {isa = PBXFileReference; lastKnownFileType = sourcecode.swift; path = ProfileVC.swift; sourceTree = "<group>"; };
		6DB45B7C29500C800070D6ED /* ProfileVC.xib */ = {isa = PBXFileReference; lastKnownFileType = file.xib; path = ProfileVC.xib; sourceTree = "<group>"; };
		6DB45B7F295017C00070D6ED /* FavoritVC.swift */ = {isa = PBXFileReference; lastKnownFileType = sourcecode.swift; path = FavoritVC.swift; sourceTree = "<group>"; };
		6DB45B822950188F0070D6ED /* TabBarController.swift */ = {isa = PBXFileReference; lastKnownFileType = sourcecode.swift; path = TabBarController.swift; sourceTree = "<group>"; };
		6DB45B87295019330070D6ED /* MutasiVC.swift */ = {isa = PBXFileReference; lastKnownFileType = sourcecode.swift; path = MutasiVC.swift; sourceTree = "<group>"; };
		6DB45B8A2950194C0070D6ED /* TransaksiVC.swift */ = {isa = PBXFileReference; lastKnownFileType = sourcecode.swift; path = TransaksiVC.swift; sourceTree = "<group>"; };
		6DB45B8C295022640070D6ED /* NotificationVC.swift */ = {isa = PBXFileReference; lastKnownFileType = sourcecode.swift; path = NotificationVC.swift; sourceTree = "<group>"; };
		6DB45B8F295036770070D6ED /* NotificationVC.xib */ = {isa = PBXFileReference; lastKnownFileType = file.xib; path = NotificationVC.xib; sourceTree = "<group>"; };
		6DB45B9129504B8C0070D6ED /* FavoritVC.xib */ = {isa = PBXFileReference; lastKnownFileType = file.xib; path = FavoritVC.xib; sourceTree = "<group>"; };
		6DC149B42937546800108FAD /* UIView+Extension.swift */ = {isa = PBXFileReference; lastKnownFileType = sourcecode.swift; path = "UIView+Extension.swift"; sourceTree = "<group>"; };
		6DC42E802934AFF100A50BA2 /* MobileBankingSephora.app */ = {isa = PBXFileReference; explicitFileType = wrapper.application; includeInIndex = 0; path = MobileBankingSephora.app; sourceTree = BUILT_PRODUCTS_DIR; };
		6DC42E832934AFF100A50BA2 /* AppDelegate.swift */ = {isa = PBXFileReference; lastKnownFileType = sourcecode.swift; path = AppDelegate.swift; sourceTree = "<group>"; };
		6DC42E852934AFF100A50BA2 /* SceneDelegate.swift */ = {isa = PBXFileReference; lastKnownFileType = sourcecode.swift; path = SceneDelegate.swift; sourceTree = "<group>"; };
		6DC42E872934AFF100A50BA2 /* ViewController.swift */ = {isa = PBXFileReference; lastKnownFileType = sourcecode.swift; path = ViewController.swift; sourceTree = "<group>"; };
		6DC42E8A2934AFF100A50BA2 /* Base */ = {isa = PBXFileReference; lastKnownFileType = file.storyboard; name = Base; path = Base.lproj/Main.storyboard; sourceTree = "<group>"; };
		6DC42E8C2934AFF300A50BA2 /* Assets.xcassets */ = {isa = PBXFileReference; lastKnownFileType = folder.assetcatalog; path = Assets.xcassets; sourceTree = "<group>"; };
		6DC42E8F2934AFF300A50BA2 /* Base */ = {isa = PBXFileReference; lastKnownFileType = file.storyboard; name = Base; path = Base.lproj/LaunchScreen.storyboard; sourceTree = "<group>"; };
		6DC42E912934AFF300A50BA2 /* Info.plist */ = {isa = PBXFileReference; lastKnownFileType = text.plist.xml; path = Info.plist; sourceTree = "<group>"; };
		6DC42E9C2934B37600A50BA2 /* OnBoardingViewController.swift */ = {isa = PBXFileReference; lastKnownFileType = sourcecode.swift; path = OnBoardingViewController.swift; sourceTree = "<group>"; };
		6DC42EA02934B85600A50BA2 /* LoginViewController.swift */ = {isa = PBXFileReference; lastKnownFileType = sourcecode.swift; path = LoginViewController.swift; sourceTree = "<group>"; };
		6DC42EA32934B89C00A50BA2 /* LoginViewController.xib */ = {isa = PBXFileReference; lastKnownFileType = file.xib; path = LoginViewController.xib; sourceTree = "<group>"; };
		6DF3B9BE294C45C700054526 /* Almofire.swift */ = {isa = PBXFileReference; lastKnownFileType = sourcecode.swift; path = Almofire.swift; sourceTree = "<group>"; };
/* End PBXFileReference section */

/* Begin PBXFrameworksBuildPhase section */
		6DC42E7D2934AFF100A50BA2 /* Frameworks */ = {
			isa = PBXFrameworksBuildPhase;
			buildActionMask = 2147483647;
			files = (
				6DD8A8A829471F3900A574DA /* Alamofire.xcframework in Frameworks */,
			);
			runOnlyForDeploymentPostprocessing = 0;
		};
/* End PBXFrameworksBuildPhase section */

/* Begin PBXGroup section */
		6D1A7CE42950663C00964923 /* TableCell */ = {
			isa = PBXGroup;
			children = (
				6D1A7CE72950668500964923 /* CellList.swift */,
				6D11D3CE29544B2800DEDBDC /* CellList.xib */,
			);
			path = TableCell;
			sourceTree = "<group>";
		};
		6D33347129398F89003029BA /* PopUpVC */ = {
			isa = PBXGroup;
			children = (
				6D33347229398FBB003029BA /* PopupBerhasilVC.swift */,
				6D33347429398FC9003029BA /* PopupBerhasilVC.xib */,
				6D3334762939A64F003029BA /* PopupGagalVC.swift */,
				6D3334782939A65D003029BA /* PopupGagalVC.xib */,
			);
			path = PopUpVC;
			sourceTree = "<group>";
		};
		6D54C8882940939000C6D6AD /* Homepage */ = {
			isa = PBXGroup;
			children = (
				6D54C889294093B400C6D6AD /* HomepageVC.swift */,
				6D54C88D2940947800C6D6AD /* HomepageVC.xib */,
			);
			path = Homepage;
			sourceTree = "<group>";
		};
		6D76050B2934E6830060A6D3 /* Fonts */ = {
			isa = PBXGroup;
			children = (
				6D76050E2934F2450060A6D3 /* Roboto-Bold.ttf */,
				6D7605102934F2450060A6D3 /* Roboto-Medium.ttf */,
				6D76050F2934F2450060A6D3 /* Roboto-Regular.ttf */,
			);
			path = Fonts;
			sourceTree = "<group>";
		};
		6D76052C2935BFF30060A6D3 /* Register */ = {
			isa = PBXGroup;
			children = (
				6D76052D2935C0060060A6D3 /* RegisterVC.swift */,
				6D76052F2935C04C0060A6D3 /* RegisterVC.xib */,
			);
			path = Register;
			sourceTree = "<group>";
		};
		6D7DBAC3293DEE6E00FF243D /* Frameworks */ = {
			isa = PBXGroup;
			children = (
				6D7DBAC4293DEE6E00FF243D /* Alamofire.xcframework */,
			);
			name = Frameworks;
			sourceTree = "<group>";
		};
		6DB45B7929500C640070D6ED /* Profile */ = {
			isa = PBXGroup;
			children = (
				6DB45B7A29500C750070D6ED /* ProfileVC.swift */,
				6DB45B7C29500C800070D6ED /* ProfileVC.xib */,
			);
			path = Profile;
			sourceTree = "<group>";
		};
		6DB45B7E295017AD0070D6ED /* Favorit */ = {
			isa = PBXGroup;
			children = (
				6DB45B7F295017C00070D6ED /* FavoritVC.swift */,
				6DB45B9129504B8C0070D6ED /* FavoritVC.xib */,
			);
			path = Favorit;
			sourceTree = "<group>";
		};
		6DB45B81295018740070D6ED /* TabBarController */ = {
			isa = PBXGroup;
			children = (
				6DB45B822950188F0070D6ED /* TabBarController.swift */,
			);
			path = TabBarController;
			sourceTree = "<group>";
		};
		6DB45B84295019010070D6ED /* Mutasi */ = {
			isa = PBXGroup;
			children = (
				6DB45B87295019330070D6ED /* MutasiVC.swift */,
			);
			path = Mutasi;
			sourceTree = "<group>";
		};
		6DB45B892950193C0070D6ED /* Transaksi */ = {
			isa = PBXGroup;
			children = (
				6DB45B8A2950194C0070D6ED /* TransaksiVC.swift */,
			);
			path = Transaksi;
			sourceTree = "<group>";
		};
		6DB45B8E2950226D0070D6ED /* Notification */ = {
			isa = PBXGroup;
			children = (
				6DB45B8C295022640070D6ED /* NotificationVC.swift */,
				6DB45B8F295036770070D6ED /* NotificationVC.xib */,
			);
			path = Notification;
			sourceTree = "<group>";
		};
		6DC149B32937544C00108FAD /* Extension */ = {
			isa = PBXGroup;
			children = (
				6DC149B42937546800108FAD /* UIView+Extension.swift */,
				6DF3B9BE294C45C700054526 /* Almofire.swift */,
			);
			path = Extension;
			sourceTree = "<group>";
		};
		6DC42E772934AFF100A50BA2 = {
			isa = PBXGroup;
			children = (
				6DC42E822934AFF100A50BA2 /* MobileBankingSephora */,
				6DC42E812934AFF100A50BA2 /* Products */,
				6D7DBAC3293DEE6E00FF243D /* Frameworks */,
			);
			sourceTree = "<group>";
		};
		6DC42E812934AFF100A50BA2 /* Products */ = {
			isa = PBXGroup;
			children = (
				6DC42E802934AFF100A50BA2 /* MobileBankingSephora.app */,
			);
			name = Products;
			sourceTree = "<group>";
		};
		6DC42E822934AFF100A50BA2 /* MobileBankingSephora */ = {
			isa = PBXGroup;
			children = (
				6D1A7CE42950663C00964923 /* TableCell */,
				6DC149B32937544C00108FAD /* Extension */,
				6D76050B2934E6830060A6D3 /* Fonts */,
				6DC42E972934B11000A50BA2 /* OnBoarding */,
				6DC42EA22934B85F00A50BA2 /* Login */,
				6D76052C2935BFF30060A6D3 /* Register */,
				6D54C8882940939000C6D6AD /* Homepage */,
				6DB45B8E2950226D0070D6ED /* Notification */,
				6DB45B892950193C0070D6ED /* Transaksi */,
				6DB45B84295019010070D6ED /* Mutasi */,
				6DB45B81295018740070D6ED /* TabBarController */,
				6DB45B7E295017AD0070D6ED /* Favorit */,
				6DB45B7929500C640070D6ED /* Profile */,
				6D33347129398F89003029BA /* PopUpVC */,
				6DC42E832934AFF100A50BA2 /* AppDelegate.swift */,
				6DC42E852934AFF100A50BA2 /* SceneDelegate.swift */,
				6DC42E872934AFF100A50BA2 /* ViewController.swift */,
				6DC42E8E2934AFF300A50BA2 /* LaunchScreen.storyboard */,
				6DC42E892934AFF100A50BA2 /* Main.storyboard */,
				6DC42E8C2934AFF300A50BA2 /* Assets.xcassets */,
				6DC42E912934AFF300A50BA2 /* Info.plist */,
			);
			path = MobileBankingSephora;
			sourceTree = "<group>";
		};
		6DC42E972934B11000A50BA2 /* OnBoarding */ = {
			isa = PBXGroup;
			children = (
				6DC42E9C2934B37600A50BA2 /* OnBoardingViewController.swift */,
				6D76050C2934E9C70060A6D3 /* OnBoardingViewController.xib */,
			);
			path = OnBoarding;
			sourceTree = "<group>";
		};
		6DC42EA22934B85F00A50BA2 /* Login */ = {
			isa = PBXGroup;
			children = (
				6DC42EA02934B85600A50BA2 /* LoginViewController.swift */,
				6DC42EA32934B89C00A50BA2 /* LoginViewController.xib */,
			);
			path = Login;
			sourceTree = "<group>";
		};
/* End PBXGroup section */

/* Begin PBXNativeTarget section */
		6DC42E7F2934AFF100A50BA2 /* MobileBankingSephora */ = {
			isa = PBXNativeTarget;
			buildConfigurationList = 6DC42E942934AFF300A50BA2 /* Build configuration list for PBXNativeTarget "MobileBankingSephora" */;
			buildPhases = (
				6DC42E7C2934AFF100A50BA2 /* Sources */,
				6DC42E7D2934AFF100A50BA2 /* Frameworks */,
				6DC42E7E2934AFF100A50BA2 /* Resources */,
				6DD8A8AA29471F3900A574DA /* Embed Frameworks */,
			);
			buildRules = (
			);
			dependencies = (
			);
			name = MobileBankingSephora;
			productName = MobileBankingSephora;
			productReference = 6DC42E802934AFF100A50BA2 /* MobileBankingSephora.app */;
			productType = "com.apple.product-type.application";
		};
/* End PBXNativeTarget section */

/* Begin PBXProject section */
		6DC42E782934AFF100A50BA2 /* Project object */ = {
			isa = PBXProject;
			attributes = {
				BuildIndependentTargetsInParallel = YES;
				LastSwiftUpdateCheck = 1400;
				LastUpgradeCheck = 1410;
				TargetAttributes = {
					6DC42E7F2934AFF100A50BA2 = {
						CreatedOnToolsVersion = 14.0.1;
					};
				};
			};
			buildConfigurationList = 6DC42E7B2934AFF100A50BA2 /* Build configuration list for PBXProject "MobileBankingSephora" */;
			compatibilityVersion = "Xcode 14.0";
			developmentRegion = en;
			hasScannedForEncodings = 0;
			knownRegions = (
				en,
				Base,
			);
			mainGroup = 6DC42E772934AFF100A50BA2;
			productRefGroup = 6DC42E812934AFF100A50BA2 /* Products */;
			projectDirPath = "";
			projectRoot = "";
			targets = (
				6DC42E7F2934AFF100A50BA2 /* MobileBankingSephora */,
			);
		};
/* End PBXProject section */

/* Begin PBXResourcesBuildPhase section */
		6DC42E7E2934AFF100A50BA2 /* Resources */ = {
			isa = PBXResourcesBuildPhase;
			buildActionMask = 2147483647;
			files = (
				6DB45B7D29500C800070D6ED /* ProfileVC.xib in Resources */,
				6DD8A85C2947013400A574DA /* UIView+Extension.swift in Resources */,
				6DD8A85D2947013400A574DA /* Roboto-Bold.ttf in Resources */,
				6DD8A85E2947013400A574DA /* Roboto-Medium.ttf in Resources */,
				6DD8A85F2947013400A574DA /* Roboto-Regular.ttf in Resources */,
				6DD8A8602947013400A574DA /* RegisterVC.swift in Resources */,
				6DD8A8612947013400A574DA /* RegisterVC.xib in Resources */,
				6DD8A8622947013400A574DA /* LoginViewController.swift in Resources */,
				6DD8A8632947013400A574DA /* LoginViewController.xib in Resources */,
				6DD8A8642947013400A574DA /* HomepageVC.swift in Resources */,
				6DD8A8652947013400A574DA /* HomepageVC.xib in Resources */,
				6DB45B90295036770070D6ED /* NotificationVC.xib in Resources */,
				6DD8A8662947013400A574DA /* OnBoardingViewController.swift in Resources */,
				6D11D3CF29544B2800DEDBDC /* CellList.xib in Resources */,
				6DD8A8672947013400A574DA /* OnBoardingViewController.xib in Resources */,
				6DD8A8682947013400A574DA /* PopupBerhasilVC.swift in Resources */,
				6DD8A8692947013400A574DA /* PopupBerhasilVC.xib in Resources */,
				6DD8A86A2947013400A574DA /* PopupGagalVC.swift in Resources */,
				6DB45B9229504B8C0070D6ED /* FavoritVC.xib in Resources */,
				6DD8A86B2947013400A574DA /* PopupGagalVC.xib in Resources */,
				6DD8A86C2947013400A574DA /* AppDelegate.swift in Resources */,
				6DD8A86D2947013400A574DA /* SceneDelegate.swift in Resources */,
				6DD8A86E2947013400A574DA /* ViewController.swift in Resources */,
				6DD8A86F2947013400A574DA /* LaunchScreen.storyboard in Resources */,
				6DD8A8702947013400A574DA /* Main.storyboard in Resources */,
				6DD8A8712947013400A574DA /* Assets.xcassets in Resources */,
			);
			runOnlyForDeploymentPostprocessing = 0;
		};
/* End PBXResourcesBuildPhase section */

/* Begin PBXSourcesBuildPhase section */
		6DC42E7C2934AFF100A50BA2 /* Sources */ = {
			isa = PBXSourcesBuildPhase;
			buildActionMask = 2147483647;
			files = (
				6DB45B7B29500C750070D6ED /* ProfileVC.swift in Sources */,
				6DB45B80295017C00070D6ED /* FavoritVC.swift in Sources */,
				6DC42E882934AFF100A50BA2 /* ViewController.swift in Sources */,
				6DC149B52937546800108FAD /* UIView+Extension.swift in Sources */,
				6DC42EA12934B85600A50BA2 /* LoginViewController.swift in Sources */,
				6DB45B8D295022640070D6ED /* NotificationVC.swift in Sources */,
				6DB45B8B2950194C0070D6ED /* TransaksiVC.swift in Sources */,
				6D54C88A294093B400C6D6AD /* HomepageVC.swift in Sources */,
				6D3334772939A64F003029BA /* PopupGagalVC.swift in Sources */,
				6DB45B88295019330070D6ED /* MutasiVC.swift in Sources */,
				6DC42E842934AFF100A50BA2 /* AppDelegate.swift in Sources */,
				6D1A7CE82950668500964923 /* CellList.swift in Sources */,
				6D76052E2935C0060060A6D3 /* RegisterVC.swift in Sources */,
				6D33347329398FBB003029BA /* PopupBerhasilVC.swift in Sources */,
				6DF3B9BF294C45C700054526 /* Almofire.swift in Sources */,
				6DB45B83295018900070D6ED /* TabBarController.swift in Sources */,
				6DC42E862934AFF100A50BA2 /* SceneDelegate.swift in Sources */,
				6DC42E9D2934B37600A50BA2 /* OnBoardingViewController.swift in Sources */,
			);
			runOnlyForDeploymentPostprocessing = 0;
		};
/* End PBXSourcesBuildPhase section */

/* Begin PBXVariantGroup section */
		6DC42E892934AFF100A50BA2 /* Main.storyboard */ = {
			isa = PBXVariantGroup;
			children = (
				6DC42E8A2934AFF100A50BA2 /* Base */,
			);
			name = Main.storyboard;
			sourceTree = "<group>";
		};
		6DC42E8E2934AFF300A50BA2 /* LaunchScreen.storyboard */ = {
			isa = PBXVariantGroup;
			children = (
				6DC42E8F2934AFF300A50BA2 /* Base */,
			);
			name = LaunchScreen.storyboard;
			sourceTree = "<group>";
		};
/* End PBXVariantGroup section */

/* Begin XCBuildConfiguration section */
		6DC42E922934AFF300A50BA2 /* Debug */ = {
			isa = XCBuildConfiguration;
			buildSettings = {
				ALWAYS_SEARCH_USER_PATHS = NO;
				BUILD_LIBRARY_FOR_DISTRIBUTION = YES;
				CLANG_ANALYZER_NONNULL = YES;
				CLANG_ANALYZER_NUMBER_OBJECT_CONVERSION = YES_AGGRESSIVE;
				CLANG_CXX_LANGUAGE_STANDARD = "gnu++20";
				CLANG_ENABLE_MODULES = YES;
				CLANG_ENABLE_OBJC_ARC = YES;
				CLANG_ENABLE_OBJC_WEAK = YES;
				CLANG_WARN_BLOCK_CAPTURE_AUTORELEASING = YES;
				CLANG_WARN_BOOL_CONVERSION = YES;
				CLANG_WARN_COMMA = YES;
				CLANG_WARN_CONSTANT_CONVERSION = YES;
				CLANG_WARN_DEPRECATED_OBJC_IMPLEMENTATIONS = YES;
				CLANG_WARN_DIRECT_OBJC_ISA_USAGE = YES_ERROR;
				CLANG_WARN_DOCUMENTATION_COMMENTS = YES;
				CLANG_WARN_EMPTY_BODY = YES;
				CLANG_WARN_ENUM_CONVERSION = YES;
				CLANG_WARN_INFINITE_RECURSION = YES;
				CLANG_WARN_INT_CONVERSION = YES;
				CLANG_WARN_NON_LITERAL_NULL_CONVERSION = YES;
				CLANG_WARN_OBJC_IMPLICIT_RETAIN_SELF = YES;
				CLANG_WARN_OBJC_LITERAL_CONVERSION = YES;
				CLANG_WARN_OBJC_ROOT_CLASS = YES_ERROR;
				CLANG_WARN_QUOTED_INCLUDE_IN_FRAMEWORK_HEADER = YES;
				CLANG_WARN_RANGE_LOOP_ANALYSIS = YES;
				CLANG_WARN_STRICT_PROTOTYPES = YES;
				CLANG_WARN_SUSPICIOUS_MOVE = YES;
				CLANG_WARN_UNGUARDED_AVAILABILITY = YES_AGGRESSIVE;
				CLANG_WARN_UNREACHABLE_CODE = YES;
				CLANG_WARN__DUPLICATE_METHOD_MATCH = YES;
				COPY_PHASE_STRIP = NO;
				DEBUG_INFORMATION_FORMAT = dwarf;
				ENABLE_STRICT_OBJC_MSGSEND = YES;
				ENABLE_TESTABILITY = YES;
				GCC_C_LANGUAGE_STANDARD = gnu11;
				GCC_DYNAMIC_NO_PIC = NO;
				GCC_NO_COMMON_BLOCKS = YES;
				GCC_OPTIMIZATION_LEVEL = 0;
				GCC_PREPROCESSOR_DEFINITIONS = (
					"DEBUG=1",
					"$(inherited)",
				);
				GCC_WARN_64_TO_32_BIT_CONVERSION = YES;
				GCC_WARN_ABOUT_RETURN_TYPE = YES_ERROR;
				GCC_WARN_UNDECLARED_SELECTOR = YES;
				GCC_WARN_UNINITIALIZED_AUTOS = YES_AGGRESSIVE;
				GCC_WARN_UNUSED_FUNCTION = YES;
				GCC_WARN_UNUSED_VARIABLE = YES;
				IPHONEOS_DEPLOYMENT_TARGET = 16.1;
				MTL_ENABLE_DEBUG_INFO = INCLUDE_SOURCE;
				MTL_FAST_MATH = YES;
				ONLY_ACTIVE_ARCH = YES;
				SDKROOT = iphoneos;
				SWIFT_ACTIVE_COMPILATION_CONDITIONS = DEBUG;
				SWIFT_OPTIMIZATION_LEVEL = "-Onone";
				SWIFT_VERSION = 5.0;
			};
			name = Debug;
		};
		6DC42E932934AFF300A50BA2 /* Release */ = {
			isa = XCBuildConfiguration;
			buildSettings = {
				ALWAYS_SEARCH_USER_PATHS = NO;
				BUILD_LIBRARY_FOR_DISTRIBUTION = YES;
				CLANG_ANALYZER_NONNULL = YES;
				CLANG_ANALYZER_NUMBER_OBJECT_CONVERSION = YES_AGGRESSIVE;
				CLANG_CXX_LANGUAGE_STANDARD = "gnu++20";
				CLANG_ENABLE_MODULES = YES;
				CLANG_ENABLE_OBJC_ARC = YES;
				CLANG_ENABLE_OBJC_WEAK = YES;
				CLANG_WARN_BLOCK_CAPTURE_AUTORELEASING = YES;
				CLANG_WARN_BOOL_CONVERSION = YES;
				CLANG_WARN_COMMA = YES;
				CLANG_WARN_CONSTANT_CONVERSION = YES;
				CLANG_WARN_DEPRECATED_OBJC_IMPLEMENTATIONS = YES;
				CLANG_WARN_DIRECT_OBJC_ISA_USAGE = YES_ERROR;
				CLANG_WARN_DOCUMENTATION_COMMENTS = YES;
				CLANG_WARN_EMPTY_BODY = YES;
				CLANG_WARN_ENUM_CONVERSION = YES;
				CLANG_WARN_INFINITE_RECURSION = YES;
				CLANG_WARN_INT_CONVERSION = YES;
				CLANG_WARN_NON_LITERAL_NULL_CONVERSION = YES;
				CLANG_WARN_OBJC_IMPLICIT_RETAIN_SELF = YES;
				CLANG_WARN_OBJC_LITERAL_CONVERSION = YES;
				CLANG_WARN_OBJC_ROOT_CLASS = YES_ERROR;
				CLANG_WARN_QUOTED_INCLUDE_IN_FRAMEWORK_HEADER = YES;
				CLANG_WARN_RANGE_LOOP_ANALYSIS = YES;
				CLANG_WARN_STRICT_PROTOTYPES = YES;
				CLANG_WARN_SUSPICIOUS_MOVE = YES;
				CLANG_WARN_UNGUARDED_AVAILABILITY = YES_AGGRESSIVE;
				CLANG_WARN_UNREACHABLE_CODE = YES;
				CLANG_WARN__DUPLICATE_METHOD_MATCH = YES;
				COPY_PHASE_STRIP = NO;
				DEBUG_INFORMATION_FORMAT = "dwarf-with-dsym";
				ENABLE_NS_ASSERTIONS = NO;
				ENABLE_STRICT_OBJC_MSGSEND = YES;
				GCC_C_LANGUAGE_STANDARD = gnu11;
				GCC_NO_COMMON_BLOCKS = YES;
				GCC_WARN_64_TO_32_BIT_CONVERSION = YES;
				GCC_WARN_ABOUT_RETURN_TYPE = YES_ERROR;
				GCC_WARN_UNDECLARED_SELECTOR = YES;
				GCC_WARN_UNINITIALIZED_AUTOS = YES_AGGRESSIVE;
				GCC_WARN_UNUSED_FUNCTION = YES;
				GCC_WARN_UNUSED_VARIABLE = YES;
				IPHONEOS_DEPLOYMENT_TARGET = 16.1;
				MTL_ENABLE_DEBUG_INFO = NO;
				MTL_FAST_MATH = YES;
				SDKROOT = iphoneos;
				SWIFT_COMPILATION_MODE = wholemodule;
				SWIFT_OPTIMIZATION_LEVEL = "-O";
				SWIFT_VERSION = 5.0;
				VALIDATE_PRODUCT = YES;
			};
			name = Release;
		};
		6DC42E952934AFF300A50BA2 /* Debug */ = {
			isa = XCBuildConfiguration;
			buildSettings = {
				ASSETCATALOG_COMPILER_APPICON_NAME = AppIcon;
				ASSETCATALOG_COMPILER_GLOBAL_ACCENT_COLOR_NAME = AccentColor;
				CODE_SIGN_STYLE = Automatic;
				CURRENT_PROJECT_VERSION = 1;
				DEVELOPMENT_ASSET_PATHS = "";
				FRAMEWORK_SEARCH_PATHS = (
					"$(inherited)",
					"$(PROJECT_DIR)/Carthage/Build/Alamofire.xcframework/ios-arm64",
				);
				GENERATE_INFOPLIST_FILE = YES;
				INFOPLIST_FILE = MobileBankingSephora/Info.plist;
				INFOPLIST_KEY_UIApplicationSupportsIndirectInputEvents = YES;
				INFOPLIST_KEY_UILaunchStoryboardName = LaunchScreen.storyboard;
				INFOPLIST_KEY_UIMainStoryboardFile = Main;
				INFOPLIST_KEY_UISupportedInterfaceOrientations_iPad = "UIInterfaceOrientationPortrait UIInterfaceOrientationPortraitUpsideDown UIInterfaceOrientationLandscapeLeft UIInterfaceOrientationLandscapeRight";
				INFOPLIST_KEY_UISupportedInterfaceOrientations_iPhone = "UIInterfaceOrientationPortrait UIInterfaceOrientationLandscapeLeft UIInterfaceOrientationLandscapeRight";
				IPHONEOS_DEPLOYMENT_TARGET = 12.0;
				LD_RUNPATH_SEARCH_PATHS = (
					"$(inherited)",
					"@executable_path/Frameworks",
				);
				MARKETING_VERSION = 1.0;
				PRODUCT_BUNDLE_IDENTIFIER = id.ist.MobileBankingSephora;
				PRODUCT_NAME = "$(TARGET_NAME)";
				SUPPORTED_PLATFORMS = "iphoneos iphonesimulator";
				SUPPORTS_MACCATALYST = NO;
				SUPPORTS_MAC_DESIGNED_FOR_IPHONE_IPAD = NO;
				SWIFT_EMIT_LOC_STRINGS = YES;
				SWIFT_VERSION = 5.0;
				TARGETED_DEVICE_FAMILY = 1;
			};
			name = Debug;
		};
		6DC42E962934AFF300A50BA2 /* Release */ = {
			isa = XCBuildConfiguration;
			buildSettings = {
				ASSETCATALOG_COMPILER_APPICON_NAME = AppIcon;
				ASSETCATALOG_COMPILER_GLOBAL_ACCENT_COLOR_NAME = AccentColor;
				CODE_SIGN_STYLE = Automatic;
				CURRENT_PROJECT_VERSION = 1;
				DEVELOPMENT_ASSET_PATHS = "";
				FRAMEWORK_SEARCH_PATHS = (
					"$(inherited)",
					"$(PROJECT_DIR)/Carthage/Build/Alamofire.xcframework/ios-arm64",
				);
				GENERATE_INFOPLIST_FILE = YES;
				INFOPLIST_FILE = MobileBankingSephora/Info.plist;
				INFOPLIST_KEY_UIApplicationSupportsIndirectInputEvents = YES;
				INFOPLIST_KEY_UILaunchStoryboardName = LaunchScreen.storyboard;
				INFOPLIST_KEY_UIMainStoryboardFile = Main;
				INFOPLIST_KEY_UISupportedInterfaceOrientations_iPad = "UIInterfaceOrientationPortrait UIInterfaceOrientationPortraitUpsideDown UIInterfaceOrientationLandscapeLeft UIInterfaceOrientationLandscapeRight";
				INFOPLIST_KEY_UISupportedInterfaceOrientations_iPhone = "UIInterfaceOrientationPortrait UIInterfaceOrientationLandscapeLeft UIInterfaceOrientationLandscapeRight";
				IPHONEOS_DEPLOYMENT_TARGET = 12.0;
				LD_RUNPATH_SEARCH_PATHS = (
					"$(inherited)",
					"@executable_path/Frameworks",
				);
				MARKETING_VERSION = 1.0;
				PRODUCT_BUNDLE_IDENTIFIER = id.ist.MobileBankingSephora;
				PRODUCT_NAME = "$(TARGET_NAME)";
				SUPPORTED_PLATFORMS = "iphoneos iphonesimulator";
				SUPPORTS_MACCATALYST = NO;
				SUPPORTS_MAC_DESIGNED_FOR_IPHONE_IPAD = NO;
				SWIFT_EMIT_LOC_STRINGS = YES;
				SWIFT_VERSION = 5.0;
				TARGETED_DEVICE_FAMILY = 1;
			};
			name = Release;
		};
/* End XCBuildConfiguration section */

/* Begin XCConfigurationList section */
		6DC42E7B2934AFF100A50BA2 /* Build configuration list for PBXProject "MobileBankingSephora" */ = {
			isa = XCConfigurationList;
			buildConfigurations = (
				6DC42E922934AFF300A50BA2 /* Debug */,
				6DC42E932934AFF300A50BA2 /* Release */,
			);
			defaultConfigurationIsVisible = 0;
			defaultConfigurationName = Release;
		};
		6DC42E942934AFF300A50BA2 /* Build configuration list for PBXNativeTarget "MobileBankingSephora" */ = {
			isa = XCConfigurationList;
			buildConfigurations = (
				6DC42E952934AFF300A50BA2 /* Debug */,
				6DC42E962934AFF300A50BA2 /* Release */,
			);
			defaultConfigurationIsVisible = 0;
			defaultConfigurationName = Release;
		};
/* End XCConfigurationList section */
	};
	rootObject = 6DC42E782934AFF100A50BA2 /* Project object */;
}
